// !$*UTF8*$!
{
	archiveVersion = 1;
	classes = {
	};
	objectVersion = 55;
	objects = {

/* Begin PBXBuildFile section */
		598B749E2858D52C00DC8E9F /* AppDelegate.swift in Sources */ = {isa = PBXBuildFile; fileRef = 598B749D2858D52C00DC8E9F /* AppDelegate.swift */; };
		598B74A02858D52C00DC8E9F /* SceneDelegate.swift in Sources */ = {isa = PBXBuildFile; fileRef = 598B749F2858D52C00DC8E9F /* SceneDelegate.swift */; };
		598B74A22858D52C00DC8E9F /* MapViewController.swift in Sources */ = {isa = PBXBuildFile; fileRef = 598B74A12858D52C00DC8E9F /* MapViewController.swift */; };
		598B74A52858D52C00DC8E9F /* Main.storyboard in Resources */ = {isa = PBXBuildFile; fileRef = 598B74A32858D52C00DC8E9F /* Main.storyboard */; };
		598B74A72858D53400DC8E9F /* Assets.xcassets in Resources */ = {isa = PBXBuildFile; fileRef = 598B74A62858D53400DC8E9F /* Assets.xcassets */; };
		598B74AA2858D53400DC8E9F /* LaunchScreen.storyboard in Resources */ = {isa = PBXBuildFile; fileRef = 598B74A82858D53400DC8E9F /* LaunchScreen.storyboard */; };
		598B74B22858D78A00DC8E9F /* Constants.swift in Sources */ = {isa = PBXBuildFile; fileRef = 598B74B12858D78900DC8E9F /* Constants.swift */; };
		598B74B9285B848500DC8E9F /* MapPresenter.swift in Sources */ = {isa = PBXBuildFile; fileRef = 598B74B8285B848500DC8E9F /* MapPresenter.swift */; };
		598B74BB285B928B00DC8E9F /* MapInteractor.swift in Sources */ = {isa = PBXBuildFile; fileRef = 598B74BA285B928A00DC8E9F /* MapInteractor.swift */; };
		598B74BD285BDDE500DC8E9F /* Coordinate.swift in Sources */ = {isa = PBXBuildFile; fileRef = 598B74BC285BDDE500DC8E9F /* Coordinate.swift */; };
		59B7C905285FBC67004E4FA5 /* MapViewControllerTests.swift in Sources */ = {isa = PBXBuildFile; fileRef = 59B7C904285FBC67004E4FA5 /* MapViewControllerTests.swift */; };
		59B7C908285FBE65004E4FA5 /* MapBusinessLogicSpy.swift in Sources */ = {isa = PBXBuildFile; fileRef = 59B7C907285FBE65004E4FA5 /* MapBusinessLogicSpy.swift */; };
		59B7C90A286069BD004E4FA5 /* MapDisplayLogicSpy.swift in Sources */ = {isa = PBXBuildFile; fileRef = 59B7C909286069BD004E4FA5 /* MapDisplayLogicSpy.swift */; };
		59B7C90C28606DF8004E4FA5 /* MapPresentationLogicSpy.swift in Sources */ = {isa = PBXBuildFile; fileRef = 59B7C90B28606DF8004E4FA5 /* MapPresentationLogicSpy.swift */; };
		59B7C90E28606FD3004E4FA5 /* MapPresenterTests.swift in Sources */ = {isa = PBXBuildFile; fileRef = 59B7C90D28606FD3004E4FA5 /* MapPresenterTests.swift */; };
		59B7C91028607692004E4FA5 /* MapInteractorTests.swift in Sources */ = {isa = PBXBuildFile; fileRef = 59B7C90F28607692004E4FA5 /* MapInteractorTests.swift */; };
		A5755195A71CDE4D25C41011 /* Pods_coordinates.framework in Frameworks */ = {isa = PBXBuildFile; fileRef = 7041695320B6A23878748679 /* Pods_coordinates.framework */; };
/* End PBXBuildFile section */

/* Begin PBXContainerItemProxy section */
		59B7C8FF285FBBA9004E4FA5 /* PBXContainerItemProxy */ = {
			isa = PBXContainerItemProxy;
			containerPortal = 598B74922858D52C00DC8E9F /* Project object */;
			proxyType = 1;
			remoteGlobalIDString = 598B74992858D52C00DC8E9F;
			remoteInfo = coordinates;
		};
/* End PBXContainerItemProxy section */

/* Begin PBXFileReference section */
		598B749A2858D52C00DC8E9F /* coordinates.app */ = {isa = PBXFileReference; explicitFileType = wrapper.application; includeInIndex = 0; path = coordinates.app; sourceTree = BUILT_PRODUCTS_DIR; };
		598B749D2858D52C00DC8E9F /* AppDelegate.swift */ = {isa = PBXFileReference; lastKnownFileType = sourcecode.swift; path = AppDelegate.swift; sourceTree = "<group>"; };
		598B749F2858D52C00DC8E9F /* SceneDelegate.swift */ = {isa = PBXFileReference; lastKnownFileType = sourcecode.swift; path = SceneDelegate.swift; sourceTree = "<group>"; };
		598B74A12858D52C00DC8E9F /* MapViewController.swift */ = {isa = PBXFileReference; lastKnownFileType = sourcecode.swift; path = MapViewController.swift; sourceTree = "<group>"; };
		598B74A42858D52C00DC8E9F /* Base */ = {isa = PBXFileReference; lastKnownFileType = file.storyboard; name = Base; path = Base.lproj/Main.storyboard; sourceTree = "<group>"; };
		598B74A62858D53400DC8E9F /* Assets.xcassets */ = {isa = PBXFileReference; lastKnownFileType = folder.assetcatalog; path = Assets.xcassets; sourceTree = "<group>"; };
		598B74A92858D53400DC8E9F /* Base */ = {isa = PBXFileReference; lastKnownFileType = file.storyboard; name = Base; path = Base.lproj/LaunchScreen.storyboard; sourceTree = "<group>"; };
		598B74AB2858D53400DC8E9F /* Info.plist */ = {isa = PBXFileReference; lastKnownFileType = text.plist.xml; path = Info.plist; sourceTree = "<group>"; };
		598B74B12858D78900DC8E9F /* Constants.swift */ = {isa = PBXFileReference; lastKnownFileType = sourcecode.swift; path = Constants.swift; sourceTree = "<group>"; };
		598B74B8285B848500DC8E9F /* MapPresenter.swift */ = {isa = PBXFileReference; lastKnownFileType = sourcecode.swift; path = MapPresenter.swift; sourceTree = "<group>"; };
		598B74BA285B928A00DC8E9F /* MapInteractor.swift */ = {isa = PBXFileReference; lastKnownFileType = sourcecode.swift; path = MapInteractor.swift; sourceTree = "<group>"; };
		598B74BC285BDDE500DC8E9F /* Coordinate.swift */ = {isa = PBXFileReference; lastKnownFileType = sourcecode.swift; path = Coordinate.swift; sourceTree = "<group>"; };
		59B7C8FB285FBBA9004E4FA5 /* CoordinatesTests.xctest */ = {isa = PBXFileReference; explicitFileType = wrapper.cfbundle; includeInIndex = 0; path = CoordinatesTests.xctest; sourceTree = BUILT_PRODUCTS_DIR; };
		59B7C904285FBC67004E4FA5 /* MapViewControllerTests.swift */ = {isa = PBXFileReference; lastKnownFileType = sourcecode.swift; path = MapViewControllerTests.swift; sourceTree = "<group>"; };
		59B7C907285FBE65004E4FA5 /* MapBusinessLogicSpy.swift */ = {isa = PBXFileReference; lastKnownFileType = sourcecode.swift; path = MapBusinessLogicSpy.swift; sourceTree = "<group>"; };
		59B7C909286069BD004E4FA5 /* MapDisplayLogicSpy.swift */ = {isa = PBXFileReference; lastKnownFileType = sourcecode.swift; path = MapDisplayLogicSpy.swift; sourceTree = "<group>"; };
		59B7C90B28606DF8004E4FA5 /* MapPresentationLogicSpy.swift */ = {isa = PBXFileReference; lastKnownFileType = sourcecode.swift; path = MapPresentationLogicSpy.swift; sourceTree = "<group>"; };
		59B7C90D28606FD3004E4FA5 /* MapPresenterTests.swift */ = {isa = PBXFileReference; lastKnownFileType = sourcecode.swift; path = MapPresenterTests.swift; sourceTree = "<group>"; };
		59B7C90F28607692004E4FA5 /* MapInteractorTests.swift */ = {isa = PBXFileReference; lastKnownFileType = sourcecode.swift; path = MapInteractorTests.swift; sourceTree = "<group>"; };
		7041695320B6A23878748679 /* Pods_coordinates.framework */ = {isa = PBXFileReference; explicitFileType = wrapper.framework; includeInIndex = 0; path = Pods_coordinates.framework; sourceTree = BUILT_PRODUCTS_DIR; };
		9A22621E2C833FD336248964 /* Pods-coordinates.release.xcconfig */ = {isa = PBXFileReference; includeInIndex = 1; lastKnownFileType = text.xcconfig; name = "Pods-coordinates.release.xcconfig"; path = "Target Support Files/Pods-coordinates/Pods-coordinates.release.xcconfig"; sourceTree = "<group>"; };
		E51C5348F1EA71BC8EFDF104 /* Pods-coordinates.debug.xcconfig */ = {isa = PBXFileReference; includeInIndex = 1; lastKnownFileType = text.xcconfig; name = "Pods-coordinates.debug.xcconfig"; path = "Target Support Files/Pods-coordinates/Pods-coordinates.debug.xcconfig"; sourceTree = "<group>"; };
/* End PBXFileReference section */

/* Begin PBXFrameworksBuildPhase section */
		598B74972858D52C00DC8E9F /* Frameworks */ = {
			isa = PBXFrameworksBuildPhase;
			buildActionMask = 2147483647;
			files = (
				A5755195A71CDE4D25C41011 /* Pods_coordinates.framework in Frameworks */,
			);
			runOnlyForDeploymentPostprocessing = 0;
		};
		59B7C8F8285FBBA9004E4FA5 /* Frameworks */ = {
			isa = PBXFrameworksBuildPhase;
			buildActionMask = 2147483647;
			files = (
			);
			runOnlyForDeploymentPostprocessing = 0;
		};
/* End PBXFrameworksBuildPhase section */

/* Begin PBXGroup section */
		598B74912858D52C00DC8E9F = {
			isa = PBXGroup;
			children = (
				598B749C2858D52C00DC8E9F /* coordinates */,
				59B7C8FC285FBBA9004E4FA5 /* CoordinatesTests */,
				598B749B2858D52C00DC8E9F /* Products */,
				855E6F18B451B62835C0AD0E /* Pods */,
				8632D8D700348BD31D89E923 /* Frameworks */,
			);
			sourceTree = "<group>";
		};
		598B749B2858D52C00DC8E9F /* Products */ = {
			isa = PBXGroup;
			children = (
				598B749A2858D52C00DC8E9F /* coordinates.app */,
				59B7C8FB285FBBA9004E4FA5 /* CoordinatesTests.xctest */,
			);
			name = Products;
			sourceTree = "<group>";
		};
		598B749C2858D52C00DC8E9F /* coordinates */ = {
			isa = PBXGroup;
			children = (
				598B74AB2858D53400DC8E9F /* Info.plist */,
				598B74B4285B5F4900DC8E9F /* Views */,
				598B74B3285B5F4200DC8E9F /* Models */,
				598B74B7285B602800DC8E9F /* Supporting Files */,
				598B749D2858D52C00DC8E9F /* AppDelegate.swift */,
				598B749F2858D52C00DC8E9F /* SceneDelegate.swift */,
				598B74A12858D52C00DC8E9F /* MapViewController.swift */,
				598B74B8285B848500DC8E9F /* MapPresenter.swift */,
				598B74BA285B928A00DC8E9F /* MapInteractor.swift */,
			);
			path = coordinates;
			sourceTree = "<group>";
		};
		598B74B3285B5F4200DC8E9F /* Models */ = {
			isa = PBXGroup;
			children = (
				598B74BC285BDDE500DC8E9F /* Coordinate.swift */,
			);
			path = Models;
			sourceTree = "<group>";
		};
		598B74B4285B5F4900DC8E9F /* Views */ = {
			isa = PBXGroup;
			children = (
				598B74B6285B5FA000DC8E9F /* Storyboards */,
			);
			path = Views;
			sourceTree = "<group>";
		};
		598B74B6285B5FA000DC8E9F /* Storyboards */ = {
			isa = PBXGroup;
			children = (
				598B74A32858D52C00DC8E9F /* Main.storyboard */,
				598B74A82858D53400DC8E9F /* LaunchScreen.storyboard */,
			);
			path = Storyboards;
			sourceTree = "<group>";
		};
		598B74B7285B602800DC8E9F /* Supporting Files */ = {
			isa = PBXGroup;
			children = (
				598B74A62858D53400DC8E9F /* Assets.xcassets */,
				598B74B12858D78900DC8E9F /* Constants.swift */,
			);
			path = "Supporting Files";
			sourceTree = "<group>";
		};
		59B7C8FC285FBBA9004E4FA5 /* CoordinatesTests */ = {
			isa = PBXGroup;
			children = (
				59B7C90F28607692004E4FA5 /* MapInteractorTests.swift */,
				59B7C90D28606FD3004E4FA5 /* MapPresenterTests.swift */,
				59B7C904285FBC67004E4FA5 /* MapViewControllerTests.swift */,
				59B7C906285FBDD2004E4FA5 /* Spies */,
			);
			path = CoordinatesTests;
			sourceTree = "<group>";
		};
		59B7C906285FBDD2004E4FA5 /* Spies */ = {
			isa = PBXGroup;
			children = (
				59B7C907285FBE65004E4FA5 /* MapBusinessLogicSpy.swift */,
				59B7C909286069BD004E4FA5 /* MapDisplayLogicSpy.swift */,
				59B7C90B28606DF8004E4FA5 /* MapPresentationLogicSpy.swift */,
			);
			path = Spies;
			sourceTree = "<group>";
		};
		855E6F18B451B62835C0AD0E /* Pods */ = {
			isa = PBXGroup;
			children = (
				E51C5348F1EA71BC8EFDF104 /* Pods-coordinates.debug.xcconfig */,
				9A22621E2C833FD336248964 /* Pods-coordinates.release.xcconfig */,
			);
			path = Pods;
			sourceTree = "<group>";
		};
		8632D8D700348BD31D89E923 /* Frameworks */ = {
			isa = PBXGroup;
			children = (
				7041695320B6A23878748679 /* Pods_coordinates.framework */,
			);
			name = Frameworks;
			sourceTree = "<group>";
		};
/* End PBXGroup section */

/* Begin PBXNativeTarget section */
		598B74992858D52C00DC8E9F /* coordinates */ = {
			isa = PBXNativeTarget;
			buildConfigurationList = 598B74AE2858D53400DC8E9F /* Build configuration list for PBXNativeTarget "coordinates" */;
			buildPhases = (
				3F1EE3A2F0E7A7A0B7273308 /* [CP] Check Pods Manifest.lock */,
				598B74962858D52C00DC8E9F /* Sources */,
				598B74972858D52C00DC8E9F /* Frameworks */,
				598B74982858D52C00DC8E9F /* Resources */,
				673FD1044F08DA0089B8322A /* [CP] Copy Pods Resources */,
				29C826633A49321ADFED7303 /* [CP] Embed Pods Frameworks */,
			);
			buildRules = (
			);
			dependencies = (
			);
			name = coordinates;
			productName = coordinates;
			productReference = 598B749A2858D52C00DC8E9F /* coordinates.app */;
			productType = "com.apple.product-type.application";
		};
		59B7C8FA285FBBA9004E4FA5 /* CoordinatesTests */ = {
			isa = PBXNativeTarget;
			buildConfigurationList = 59B7C901285FBBA9004E4FA5 /* Build configuration list for PBXNativeTarget "CoordinatesTests" */;
			buildPhases = (
				59B7C8F7285FBBA9004E4FA5 /* Sources */,
				59B7C8F8285FBBA9004E4FA5 /* Frameworks */,
				59B7C8F9285FBBA9004E4FA5 /* Resources */,
			);
			buildRules = (
			);
			dependencies = (
				59B7C900285FBBA9004E4FA5 /* PBXTargetDependency */,
			);
			name = CoordinatesTests;
			productName = CoordinatesTests;
			productReference = 59B7C8FB285FBBA9004E4FA5 /* CoordinatesTests.xctest */;
			productType = "com.apple.product-type.bundle.unit-test";
		};
/* End PBXNativeTarget section */

/* Begin PBXProject section */
		598B74922858D52C00DC8E9F /* Project object */ = {
			isa = PBXProject;
			attributes = {
				BuildIndependentTargetsInParallel = 1;
				LastSwiftUpdateCheck = 1340;
				LastUpgradeCheck = 1340;
				TargetAttributes = {
					598B74992858D52C00DC8E9F = {
						CreatedOnToolsVersion = 13.4.1;
					};
					59B7C8FA285FBBA9004E4FA5 = {
						CreatedOnToolsVersion = 13.4.1;
						TestTargetID = 598B74992858D52C00DC8E9F;
					};
				};
			};
			buildConfigurationList = 598B74952858D52C00DC8E9F /* Build configuration list for PBXProject "coordinates" */;
			compatibilityVersion = "Xcode 13.0";
			developmentRegion = en;
			hasScannedForEncodings = 0;
			knownRegions = (
				en,
				Base,
			);
			mainGroup = 598B74912858D52C00DC8E9F;
			productRefGroup = 598B749B2858D52C00DC8E9F /* Products */;
			projectDirPath = "";
			projectRoot = "";
			targets = (
				598B74992858D52C00DC8E9F /* coordinates */,
				59B7C8FA285FBBA9004E4FA5 /* CoordinatesTests */,
			);
		};
/* End PBXProject section */

/* Begin PBXResourcesBuildPhase section */
		598B74982858D52C00DC8E9F /* Resources */ = {
			isa = PBXResourcesBuildPhase;
			buildActionMask = 2147483647;
			files = (
				598B74AA2858D53400DC8E9F /* LaunchScreen.storyboard in Resources */,
				598B74A72858D53400DC8E9F /* Assets.xcassets in Resources */,
				598B74A52858D52C00DC8E9F /* Main.storyboard in Resources */,
			);
			runOnlyForDeploymentPostprocessing = 0;
		};
		59B7C8F9285FBBA9004E4FA5 /* Resources */ = {
			isa = PBXResourcesBuildPhase;
			buildActionMask = 2147483647;
			files = (
			);
			runOnlyForDeploymentPostprocessing = 0;
		};
/* End PBXResourcesBuildPhase section */

/* Begin PBXShellScriptBuildPhase section */
		29C826633A49321ADFED7303 /* [CP] Embed Pods Frameworks */ = {
			isa = PBXShellScriptBuildPhase;
			buildActionMask = 2147483647;
			files = (
			);
			inputFileListPaths = (
				"${PODS_ROOT}/Target Support Files/Pods-coordinates/Pods-coordinates-frameworks-${CONFIGURATION}-input-files.xcfilelist",
			);
			name = "[CP] Embed Pods Frameworks";
			outputFileListPaths = (
				"${PODS_ROOT}/Target Support Files/Pods-coordinates/Pods-coordinates-frameworks-${CONFIGURATION}-output-files.xcfilelist",
			);
			runOnlyForDeploymentPostprocessing = 0;
			shellPath = /bin/sh;
			shellScript = "\"${PODS_ROOT}/Target Support Files/Pods-coordinates/Pods-coordinates-frameworks.sh\"\n";
			showEnvVarsInLog = 0;
		};
		3F1EE3A2F0E7A7A0B7273308 /* [CP] Check Pods Manifest.lock */ = {
			isa = PBXShellScriptBuildPhase;
			buildActionMask = 2147483647;
			files = (
			);
			inputFileListPaths = (
			);
			inputPaths = (
				"${PODS_PODFILE_DIR_PATH}/Podfile.lock",
				"${PODS_ROOT}/Manifest.lock",
			);
			name = "[CP] Check Pods Manifest.lock";
			outputFileListPaths = (
			);
			outputPaths = (
				"$(DERIVED_FILE_DIR)/Pods-coordinates-checkManifestLockResult.txt",
			);
			runOnlyForDeploymentPostprocessing = 0;
			shellPath = /bin/sh;
			shellScript = "diff \"${PODS_PODFILE_DIR_PATH}/Podfile.lock\" \"${PODS_ROOT}/Manifest.lock\" > /dev/null\nif [ $? != 0 ] ; then\n    # print error to STDERR\n    echo \"error: The sandbox is not in sync with the Podfile.lock. Run 'pod install' or update your CocoaPods installation.\" >&2\n    exit 1\nfi\n# This output is used by Xcode 'outputs' to avoid re-running this script phase.\necho \"SUCCESS\" > \"${SCRIPT_OUTPUT_FILE_0}\"\n";
			showEnvVarsInLog = 0;
		};
		673FD1044F08DA0089B8322A /* [CP] Copy Pods Resources */ = {
			isa = PBXShellScriptBuildPhase;
			buildActionMask = 2147483647;
			files = (
			);
			inputFileListPaths = (
				"${PODS_ROOT}/Target Support Files/Pods-coordinates/Pods-coordinates-resources-${CONFIGURATION}-input-files.xcfilelist",
			);
			name = "[CP] Copy Pods Resources";
			outputFileListPaths = (
				"${PODS_ROOT}/Target Support Files/Pods-coordinates/Pods-coordinates-resources-${CONFIGURATION}-output-files.xcfilelist",
			);
			runOnlyForDeploymentPostprocessing = 0;
			shellPath = /bin/sh;
			shellScript = "\"${PODS_ROOT}/Target Support Files/Pods-coordinates/Pods-coordinates-resources.sh\"\n";
			showEnvVarsInLog = 0;
		};
/* End PBXShellScriptBuildPhase section */

/* Begin PBXSourcesBuildPhase section */
		598B74962858D52C00DC8E9F /* Sources */ = {
			isa = PBXSourcesBuildPhase;
			buildActionMask = 2147483647;
			files = (
				598B74BD285BDDE500DC8E9F /* Coordinate.swift in Sources */,
				598B74A22858D52C00DC8E9F /* MapViewController.swift in Sources */,
				598B749E2858D52C00DC8E9F /* AppDelegate.swift in Sources */,
				598B74B9285B848500DC8E9F /* MapPresenter.swift in Sources */,
				598B74BB285B928B00DC8E9F /* MapInteractor.swift in Sources */,
				598B74A02858D52C00DC8E9F /* SceneDelegate.swift in Sources */,
				598B74B22858D78A00DC8E9F /* Constants.swift in Sources */,
			);
			runOnlyForDeploymentPostprocessing = 0;
		};
		59B7C8F7285FBBA9004E4FA5 /* Sources */ = {
			isa = PBXSourcesBuildPhase;
			buildActionMask = 2147483647;
			files = (
				59B7C90C28606DF8004E4FA5 /* MapPresentationLogicSpy.swift in Sources */,
				59B7C91028607692004E4FA5 /* MapInteractorTests.swift in Sources */,
				59B7C908285FBE65004E4FA5 /* MapBusinessLogicSpy.swift in Sources */,
				59B7C905285FBC67004E4FA5 /* MapViewControllerTests.swift in Sources */,
				59B7C90A286069BD004E4FA5 /* MapDisplayLogicSpy.swift in Sources */,
				59B7C90E28606FD3004E4FA5 /* MapPresenterTests.swift in Sources */,
			);
			runOnlyForDeploymentPostprocessing = 0;
		};
/* End PBXSourcesBuildPhase section */

/* Begin PBXTargetDependency section */
		59B7C900285FBBA9004E4FA5 /* PBXTargetDependency */ = {
			isa = PBXTargetDependency;
			target = 598B74992858D52C00DC8E9F /* coordinates */;
			targetProxy = 59B7C8FF285FBBA9004E4FA5 /* PBXContainerItemProxy */;
		};
/* End PBXTargetDependency section */

/* Begin PBXVariantGroup section */
		598B74A32858D52C00DC8E9F /* Main.storyboard */ = {
			isa = PBXVariantGroup;
			children = (
				598B74A42858D52C00DC8E9F /* Base */,
			);
			name = Main.storyboard;
			sourceTree = "<group>";
		};
		598B74A82858D53400DC8E9F /* LaunchScreen.storyboard */ = {
			isa = PBXVariantGroup;
			children = (
				598B74A92858D53400DC8E9F /* Base */,
			);
			name = LaunchScreen.storyboard;
			sourceTree = "<group>";
		};
/* End PBXVariantGroup section */

/* Begin XCBuildConfiguration section */
		598B74AC2858D53400DC8E9F /* Debug */ = {
			isa = XCBuildConfiguration;
			buildSettings = {
				ALWAYS_SEARCH_USER_PATHS = NO;
				CLANG_ANALYZER_NONNULL = YES;
				CLANG_ANALYZER_NUMBER_OBJECT_CONVERSION = YES_AGGRESSIVE;
				CLANG_CXX_LANGUAGE_STANDARD = "gnu++17";
				CLANG_ENABLE_MODULES = YES;
				CLANG_ENABLE_OBJC_ARC = YES;
				CLANG_ENABLE_OBJC_WEAK = YES;
				CLANG_WARN_BLOCK_CAPTURE_AUTORELEASING = YES;
				CLANG_WARN_BOOL_CONVERSION = YES;
				CLANG_WARN_COMMA = YES;
				CLANG_WARN_CONSTANT_CONVERSION = YES;
				CLANG_WARN_DEPRECATED_OBJC_IMPLEMENTATIONS = YES;
				CLANG_WARN_DIRECT_OBJC_ISA_USAGE = YES_ERROR;
				CLANG_WARN_DOCUMENTATION_COMMENTS = YES;
				CLANG_WARN_EMPTY_BODY = YES;
				CLANG_WARN_ENUM_CONVERSION = YES;
				CLANG_WARN_INFINITE_RECURSION = YES;
				CLANG_WARN_INT_CONVERSION = YES;
				CLANG_WARN_NON_LITERAL_NULL_CONVERSION = YES;
				CLANG_WARN_OBJC_IMPLICIT_RETAIN_SELF = YES;
				CLANG_WARN_OBJC_LITERAL_CONVERSION = YES;
				CLANG_WARN_OBJC_ROOT_CLASS = YES_ERROR;
				CLANG_WARN_QUOTED_INCLUDE_IN_FRAMEWORK_HEADER = YES;
				CLANG_WARN_RANGE_LOOP_ANALYSIS = YES;
				CLANG_WARN_STRICT_PROTOTYPES = YES;
				CLANG_WARN_SUSPICIOUS_MOVE = YES;
				CLANG_WARN_UNGUARDED_AVAILABILITY = YES_AGGRESSIVE;
				CLANG_WARN_UNREACHABLE_CODE = YES;
				CLANG_WARN__DUPLICATE_METHOD_MATCH = YES;
				COPY_PHASE_STRIP = NO;
				DEBUG_INFORMATION_FORMAT = dwarf;
				ENABLE_STRICT_OBJC_MSGSEND = YES;
				ENABLE_TESTABILITY = YES;
				GCC_C_LANGUAGE_STANDARD = gnu11;
				GCC_DYNAMIC_NO_PIC = NO;
				GCC_NO_COMMON_BLOCKS = YES;
				GCC_OPTIMIZATION_LEVEL = 0;
				GCC_PREPROCESSOR_DEFINITIONS = (
					"DEBUG=1",
					"$(inherited)",
				);
				GCC_WARN_64_TO_32_BIT_CONVERSION = YES;
				GCC_WARN_ABOUT_RETURN_TYPE = YES_ERROR;
				GCC_WARN_UNDECLARED_SELECTOR = YES;
				GCC_WARN_UNINITIALIZED_AUTOS = YES_AGGRESSIVE;
				GCC_WARN_UNUSED_FUNCTION = YES;
				GCC_WARN_UNUSED_VARIABLE = YES;
				IPHONEOS_DEPLOYMENT_TARGET = 15.5;
				MTL_ENABLE_DEBUG_INFO = INCLUDE_SOURCE;
				MTL_FAST_MATH = YES;
				ONLY_ACTIVE_ARCH = YES;
				SDKROOT = iphoneos;
				SWIFT_ACTIVE_COMPILATION_CONDITIONS = DEBUG;
				SWIFT_OPTIMIZATION_LEVEL = "-Onone";
			};
			name = Debug;
		};
		598B74AD2858D53400DC8E9F /* Release */ = {
			isa = XCBuildConfiguration;
			buildSettings = {
				ALWAYS_SEARCH_USER_PATHS = NO;
				CLANG_ANALYZER_NONNULL = YES;
				CLANG_ANALYZER_NUMBER_OBJECT_CONVERSION = YES_AGGRESSIVE;
				CLANG_CXX_LANGUAGE_STANDARD = "gnu++17";
				CLANG_ENABLE_MODULES = YES;
				CLANG_ENABLE_OBJC_ARC = YES;
				CLANG_ENABLE_OBJC_WEAK = YES;
				CLANG_WARN_BLOCK_CAPTURE_AUTORELEASING = YES;
				CLANG_WARN_BOOL_CONVERSION = YES;
				CLANG_WARN_COMMA = YES;
				CLANG_WARN_CONSTANT_CONVERSION = YES;
				CLANG_WARN_DEPRECATED_OBJC_IMPLEMENTATIONS = YES;
				CLANG_WARN_DIRECT_OBJC_ISA_USAGE = YES_ERROR;
				CLANG_WARN_DOCUMENTATION_COMMENTS = YES;
				CLANG_WARN_EMPTY_BODY = YES;
				CLANG_WARN_ENUM_CONVERSION = YES;
				CLANG_WARN_INFINITE_RECURSION = YES;
				CLANG_WARN_INT_CONVERSION = YES;
				CLANG_WARN_NON_LITERAL_NULL_CONVERSION = YES;
				CLANG_WARN_OBJC_IMPLICIT_RETAIN_SELF = YES;
				CLANG_WARN_OBJC_LITERAL_CONVERSION = YES;
				CLANG_WARN_OBJC_ROOT_CLASS = YES_ERROR;
				CLANG_WARN_QUOTED_INCLUDE_IN_FRAMEWORK_HEADER = YES;
				CLANG_WARN_RANGE_LOOP_ANALYSIS = YES;
				CLANG_WARN_STRICT_PROTOTYPES = YES;
				CLANG_WARN_SUSPICIOUS_MOVE = YES;
				CLANG_WARN_UNGUARDED_AVAILABILITY = YES_AGGRESSIVE;
				CLANG_WARN_UNREACHABLE_CODE = YES;
				CLANG_WARN__DUPLICATE_METHOD_MATCH = YES;
				COPY_PHASE_STRIP = NO;
				DEBUG_INFORMATION_FORMAT = "dwarf-with-dsym";
				ENABLE_NS_ASSERTIONS = NO;
				ENABLE_STRICT_OBJC_MSGSEND = YES;
				GCC_C_LANGUAGE_STANDARD = gnu11;
				GCC_NO_COMMON_BLOCKS = YES;
				GCC_WARN_64_TO_32_BIT_CONVERSION = YES;
				GCC_WARN_ABOUT_RETURN_TYPE = YES_ERROR;
				GCC_WARN_UNDECLARED_SELECTOR = YES;
				GCC_WARN_UNINITIALIZED_AUTOS = YES_AGGRESSIVE;
				GCC_WARN_UNUSED_FUNCTION = YES;
				GCC_WARN_UNUSED_VARIABLE = YES;
				IPHONEOS_DEPLOYMENT_TARGET = 15.5;
				MTL_ENABLE_DEBUG_INFO = NO;
				MTL_FAST_MATH = YES;
				SDKROOT = iphoneos;
				SWIFT_COMPILATION_MODE = wholemodule;
				SWIFT_OPTIMIZATION_LEVEL = "-O";
				VALIDATE_PRODUCT = YES;
			};
			name = Release;
		};
		598B74AF2858D53400DC8E9F /* Debug */ = {
			isa = XCBuildConfiguration;
			baseConfigurationReference = E51C5348F1EA71BC8EFDF104 /* Pods-coordinates.debug.xcconfig */;
			buildSettings = {
				ASSETCATALOG_COMPILER_APPICON_NAME = AppIcon;
				ASSETCATALOG_COMPILER_GLOBAL_ACCENT_COLOR_NAME = AccentColor;
				CODE_SIGN_STYLE = Automatic;
				CURRENT_PROJECT_VERSION = 1;
				DEVELOPMENT_TEAM = GR3FLKSKAU;
				GENERATE_INFOPLIST_FILE = YES;
				INFOPLIST_FILE = coordinates/Info.plist;
				INFOPLIST_KEY_UIApplicationSupportsIndirectInputEvents = YES;
				INFOPLIST_KEY_UILaunchStoryboardName = LaunchScreen;
				INFOPLIST_KEY_UIMainStoryboardFile = Main;
				INFOPLIST_KEY_UISupportedInterfaceOrientations_iPad = "UIInterfaceOrientationPortrait UIInterfaceOrientationPortraitUpsideDown UIInterfaceOrientationLandscapeLeft UIInterfaceOrientationLandscapeRight";
				INFOPLIST_KEY_UISupportedInterfaceOrientations_iPhone = "UIInterfaceOrientationPortrait UIInterfaceOrientationLandscapeLeft UIInterfaceOrientationLandscapeRight";
				LD_RUNPATH_SEARCH_PATHS = (
					"$(inherited)",
					"@executable_path/Frameworks",
				);
				MARKETING_VERSION = 1.0;
				PRODUCT_BUNDLE_IDENTIFIER = SeeqMyDuck.coordinates;
				PRODUCT_NAME = "$(TARGET_NAME)";
				SWIFT_EMIT_LOC_STRINGS = YES;
				SWIFT_VERSION = 5.0;
				TARGETED_DEVICE_FAMILY = "1,2";
			};
			name = Debug;
		};
		598B74B02858D53400DC8E9F /* Release */ = {
			isa = XCBuildConfiguration;
			baseConfigurationReference = 9A22621E2C833FD336248964 /* Pods-coordinates.release.xcconfig */;
			buildSettings = {
				ASSETCATALOG_COMPILER_APPICON_NAME = AppIcon;
				ASSETCATALOG_COMPILER_GLOBAL_ACCENT_COLOR_NAME = AccentColor;
				CODE_SIGN_STYLE = Automatic;
				CURRENT_PROJECT_VERSION = 1;
				DEVELOPMENT_TEAM = GR3FLKSKAU;
				GENERATE_INFOPLIST_FILE = YES;
				INFOPLIST_FILE = coordinates/Info.plist;
				INFOPLIST_KEY_UIApplicationSupportsIndirectInputEvents = YES;
				INFOPLIST_KEY_UILaunchStoryboardName = LaunchScreen;
				INFOPLIST_KEY_UIMainStoryboardFile = Main;
				INFOPLIST_KEY_UISupportedInterfaceOrientations_iPad = "UIInterfaceOrientationPortrait UIInterfaceOrientationPortraitUpsideDown UIInterfaceOrientationLandscapeLeft UIInterfaceOrientationLandscapeRight";
				INFOPLIST_KEY_UISupportedInterfaceOrientations_iPhone = "UIInterfaceOrientationPortrait UIInterfaceOrientationLandscapeLeft UIInterfaceOrientationLandscapeRight";
				LD_RUNPATH_SEARCH_PATHS = (
					"$(inherited)",
					"@executable_path/Frameworks",
				);
				MARKETING_VERSION = 1.0;
				PRODUCT_BUNDLE_IDENTIFIER = SeeqMyDuck.coordinates;
				PRODUCT_NAME = "$(TARGET_NAME)";
				SWIFT_EMIT_LOC_STRINGS = YES;
				SWIFT_VERSION = 5.0;
				TARGETED_DEVICE_FAMILY = "1,2";
			};
			name = Release;
		};
		59B7C902285FBBA9004E4FA5 /* Debug */ = {
			isa = XCBuildConfiguration;
			buildSettings = {
				BUNDLE_LOADER = "$(TEST_HOST)";
				CODE_SIGN_STYLE = Automatic;
				CURRENT_PROJECT_VERSION = 1;
				DEVELOPMENT_TEAM = GR3FLKSKAU;
				GENERATE_INFOPLIST_FILE = YES;
				MARKETING_VERSION = 1.0;
				PRODUCT_BUNDLE_IDENTIFIER = SeeqMyDuck.CoordinatesTests;
				PRODUCT_NAME = "$(TARGET_NAME)";
				SWIFT_EMIT_LOC_STRINGS = NO;
				SWIFT_VERSION = 5.0;
				TARGETED_DEVICE_FAMILY = "1,2";
				TEST_HOST = "$(BUILT_PRODUCTS_DIR)/coordinates.app/coordinates";
			};
			name = Debug;
		};
		59B7C903285FBBA9004E4FA5 /* Release */ = {
			isa = XCBuildConfiguration;
			buildSettings = {
				BUNDLE_LOADER = "$(TEST_HOST)";
				CODE_SIGN_STYLE = Automatic;
				CURRENT_PROJECT_VERSION = 1;
				DEVELOPMENT_TEAM = GR3FLKSKAU;
				GENERATE_INFOPLIST_FILE = YES;
				MARKETING_VERSION = 1.0;
				PRODUCT_BUNDLE_IDENTIFIER = SeeqMyDuck.CoordinatesTests;
				PRODUCT_NAME = "$(TARGET_NAME)";
				SWIFT_EMIT_LOC_STRINGS = NO;
				SWIFT_VERSION = 5.0;
				TARGETED_DEVICE_FAMILY = "1,2";
				TEST_HOST = "$(BUILT_PRODUCTS_DIR)/coordinates.app/coordinates";
			};
			name = Release;
		};
/* End XCBuildConfiguration section */

/* Begin XCConfigurationList section */
		598B74952858D52C00DC8E9F /* Build configuration list for PBXProject "coordinates" */ = {
			isa = XCConfigurationList;
			buildConfigurations = (
				598B74AC2858D53400DC8E9F /* Debug */,
				598B74AD2858D53400DC8E9F /* Release */,
			);
			defaultConfigurationIsVisible = 0;
			defaultConfigurationName = Release;
		};
		598B74AE2858D53400DC8E9F /* Build configuration list for PBXNativeTarget "coordinates" */ = {
			isa = XCConfigurationList;
			buildConfigurations = (
				598B74AF2858D53400DC8E9F /* Debug */,
				598B74B02858D53400DC8E9F /* Release */,
			);
			defaultConfigurationIsVisible = 0;
			defaultConfigurationName = Release;
		};
		59B7C901285FBBA9004E4FA5 /* Build configuration list for PBXNativeTarget "CoordinatesTests" */ = {
			isa = XCConfigurationList;
			buildConfigurations = (
				59B7C902285FBBA9004E4FA5 /* Debug */,
				59B7C903285FBBA9004E4FA5 /* Release */,
			);
			defaultConfigurationIsVisible = 0;
			defaultConfigurationName = Release;
		};
/* End XCConfigurationList section */
	};
	rootObject = 598B74922858D52C00DC8E9F /* Project object */;
}
